
Microsoft Visual Studio Solution File, Format Version 12.00
# Visual Studio Version 16
VisualStudioVersion = 16.0.30225.117
MinimumVisualStudioVersion = 10.0.40219.1
Project("{FAE04EC0-301F-11D3-BF4B-00C04F79EFBC}") = "FitnessBL", "FitnessBL\FitnessBL.csproj", "{BB0F5DB8-CC49-43DF-81CE-CE0DBE59BF90}"
EndProject
Project("{FAE04EC0-301F-11D3-BF4B-00C04F79EFBC}") = "FitnessCMD", "FitnessCMD\FitnessCMD.csproj", "{15F85CC3-A2AC-45EE-B179-27DA867364D1}"
EndProject
Global
	GlobalSection(SolutionConfigurationPlatforms) = preSolution
		Debug|Any CPU = Debug|Any CPU
		Release|Any CPU = Release|Any CPU
	EndGlobalSection
	GlobalSection(ProjectConfigurationPlatforms) = postSolution
		{BB0F5DB8-CC49-43DF-81CE-CE0DBE59BF90}.Debug|Any CPU.ActiveCfg = Debug|Any CPU
		{BB0F5DB8-CC49-43DF-81CE-CE0DBE59BF90}.Debug|Any CPU.Build.0 = Debug|Any CPU
		{BB0F5DB8-CC49-43DF-81CE-CE0DBE59BF90}.Release|Any CPU.ActiveCfg = Release|Any CPU
		{BB0F5DB8-CC49-43DF-81CE-CE0DBE59BF90}.Release|Any CPU.Build.0 = Release|Any CPU
		{15F85CC3-A2AC-45EE-B179-27DA867364D1}.Debug|Any CPU.ActiveCfg = Debug|Any CPU
		{15F85CC3-A2AC-45EE-B179-27DA867364D1}.Debug|Any CPU.Build.0 = Debug|Any CPU
		{15F85CC3-A2AC-45EE-B179-27DA867364D1}.Release|Any CPU.ActiveCfg = Release|Any CPU
		{15F85CC3-A2AC-45EE-B179-27DA867364D1}.Release|Any CPU.Build.0 = Release|Any CPU
	EndGlobalSection
	GlobalSection(SolutionProperties) = preSolution
		HideSolutionNode = FALSE
	EndGlobalSection
	GlobalSection(ExtensibilityGlobals) = postSolution
		SolutionGuid = {89A01553-A6CF-4461-B18C-46AD6AFED13A}
	EndGlobalSection
EndGlobal
